
Microsoft Visual Studio Solution File, Format Version 12.00
# Visual Studio 2013
VisualStudioVersion = 12.0.21005.1
MinimumVisualStudioVersion = 10.0.40219.1
Project("{FAE04EC0-301F-11D3-BF4B-00C04F79EFBC}") = "PlayEyeData", "PlayEyeData\PlayEyeData.csproj", "{D4BC0E8F-0735-47A5-A9BA-1FE45DAFDECE}"
EndProject
Global
	GlobalSection(SolutionConfigurationPlatforms) = preSolution
		Debug|Any CPU = Debug|Any CPU
		Release|Any CPU = Release|Any CPU
	EndGlobalSection
	GlobalSection(ProjectConfigurationPlatforms) = postSolution
		{D4BC0E8F-0735-47A5-A9BA-1FE45DAFDECE}.Debug|Any CPU.ActiveCfg = Debug|Any CPU
		{D4BC0E8F-0735-47A5-A9BA-1FE45DAFDECE}.Debug|Any CPU.Build.0 = Debug|Any CPU
		{D4BC0E8F-0735-47A5-A9BA-1FE45DAFDECE}.Release|Any CPU.ActiveCfg = Release|Any CPU
		{D4BC0E8F-0735-47A5-A9BA-1FE45DAFDECE}.Release|Any CPU.Build.0 = Release|Any CPU
	EndGlobalSection
	GlobalSection(SolutionProperties) = preSolution
		HideSolutionNode = FALSE
	EndGlobalSection
EndGlobal
